
Microsoft Visual Studio Solution File, Format Version 12.00
# Visual Studio 15
VisualStudioVersion = 15.0.28010.2050
MinimumVisualStudioVersion = 10.0.40219.1
Project("{FAE04EC0-301F-11D3-BF4B-00C04F79EFBC}") = "CreateNugetLicenseList", "CreateNugetLicenseList\CreateNugetLicenseList.csproj", "{9AFB2713-1531-47D4-B5FE-2F3390045CB8}"
EndProject
Global
	GlobalSection(SolutionConfigurationPlatforms) = preSolution
		Debug|Any CPU = Debug|Any CPU
		Release|Any CPU = Release|Any CPU
	EndGlobalSection
	GlobalSection(ProjectConfigurationPlatforms) = postSolution
		{9AFB2713-1531-47D4-B5FE-2F3390045CB8}.Debug|Any CPU.ActiveCfg = Debug|Any CPU
		{9AFB2713-1531-47D4-B5FE-2F3390045CB8}.Debug|Any CPU.Build.0 = Debug|Any CPU
		{9AFB2713-1531-47D4-B5FE-2F3390045CB8}.Release|Any CPU.ActiveCfg = Release|Any CPU
		{9AFB2713-1531-47D4-B5FE-2F3390045CB8}.Release|Any CPU.Build.0 = Release|Any CPU
	EndGlobalSection
	GlobalSection(SolutionProperties) = preSolution
		HideSolutionNode = FALSE
	EndGlobalSection
	GlobalSection(ExtensibilityGlobals) = postSolution
		SolutionGuid = {7446F043-3990-4E5E-8C8A-DA448A6BEEC5}
	EndGlobalSection
EndGlobal
